
Microsoft Visual Studio Solution File, Format Version 12.00
# Visual Studio Version 16
VisualStudioVersion = 16.0.30804.86
MinimumVisualStudioVersion = 10.0.40219.1
Project("{2150E333-8FDC-42A3-9474-1A3956D46DE8}") = "src", "src", "{8B73C86D-3AA3-4BB5-93A3-852B65E8FB75}"
EndProject
Project("{2150E333-8FDC-42A3-9474-1A3956D46DE8}") = "Catalog", "Catalog", "{9E7211B3-F473-4076-914C-586EE088554B}"
EndProject
Project("{9A19103F-16F7-4668-BE54-9A1E7A4F7556}") = "Catalog.API", "src\Catalog\Catalog.API\Catalog.API.csproj", "{F4BACB96-3E87-47AF-95AE-C6EBB68444FE}"
EndProject
Project("{E53339B2-1760-4266-BCC7-CA923CBCF16C}") = "docker-compose", "docker-compose.dcproj", "{BB19DFE9-1BC1-4443-9EE5-9944BCCF3D42}"
EndProject
Project("{2150E333-8FDC-42A3-9474-1A3956D46DE8}") = "Basket", "Basket", "{9CC9AE00-A6A2-4097-B71B-863E47C7AF24}"
EndProject
Project("{FAE04EC0-301F-11D3-BF4B-00C04F79EFBC}") = "Basket.API", "src\Basket\Basket.API\Basket.API.csproj", "{240E352D-737D-4AA5-B0E2-69541854A039}"
EndProject
Global
	GlobalSection(SolutionConfigurationPlatforms) = preSolution
		Debug|Any CPU = Debug|Any CPU
		Release|Any CPU = Release|Any CPU
	EndGlobalSection
	GlobalSection(ProjectConfigurationPlatforms) = postSolution
		{F4BACB96-3E87-47AF-95AE-C6EBB68444FE}.Debug|Any CPU.ActiveCfg = Debug|Any CPU
		{F4BACB96-3E87-47AF-95AE-C6EBB68444FE}.Debug|Any CPU.Build.0 = Debug|Any CPU
		{F4BACB96-3E87-47AF-95AE-C6EBB68444FE}.Release|Any CPU.ActiveCfg = Release|Any CPU
		{F4BACB96-3E87-47AF-95AE-C6EBB68444FE}.Release|Any CPU.Build.0 = Release|Any CPU
		{BB19DFE9-1BC1-4443-9EE5-9944BCCF3D42}.Debug|Any CPU.ActiveCfg = Debug|Any CPU
		{BB19DFE9-1BC1-4443-9EE5-9944BCCF3D42}.Debug|Any CPU.Build.0 = Debug|Any CPU
		{BB19DFE9-1BC1-4443-9EE5-9944BCCF3D42}.Release|Any CPU.ActiveCfg = Release|Any CPU
		{BB19DFE9-1BC1-4443-9EE5-9944BCCF3D42}.Release|Any CPU.Build.0 = Release|Any CPU
		{240E352D-737D-4AA5-B0E2-69541854A039}.Debug|Any CPU.ActiveCfg = Debug|Any CPU
		{240E352D-737D-4AA5-B0E2-69541854A039}.Debug|Any CPU.Build.0 = Debug|Any CPU
		{240E352D-737D-4AA5-B0E2-69541854A039}.Release|Any CPU.ActiveCfg = Release|Any CPU
		{240E352D-737D-4AA5-B0E2-69541854A039}.Release|Any CPU.Build.0 = Release|Any CPU
	EndGlobalSection
	GlobalSection(SolutionProperties) = preSolution
		HideSolutionNode = FALSE
	EndGlobalSection
	GlobalSection(NestedProjects) = preSolution
		{9E7211B3-F473-4076-914C-586EE088554B} = {8B73C86D-3AA3-4BB5-93A3-852B65E8FB75}
		{F4BACB96-3E87-47AF-95AE-C6EBB68444FE} = {9E7211B3-F473-4076-914C-586EE088554B}
		{9CC9AE00-A6A2-4097-B71B-863E47C7AF24} = {8B73C86D-3AA3-4BB5-93A3-852B65E8FB75}
		{240E352D-737D-4AA5-B0E2-69541854A039} = {9CC9AE00-A6A2-4097-B71B-863E47C7AF24}
	EndGlobalSection
	GlobalSection(ExtensibilityGlobals) = postSolution
		SolutionGuid = {B79C405A-D1D2-4B55-B99F-A01CA1CD694C}
	EndGlobalSection
EndGlobal
