
Microsoft Visual Studio Solution File, Format Version 12.00
# Visual Studio Version 16
VisualStudioVersion = 16.0.30804.86
MinimumVisualStudioVersion = 10.0.40219.1
Project("{2150E333-8FDC-42A3-9474-1A3956D46DE8}") = "src", "src", "{8B73C86D-3AA3-4BB5-93A3-852B65E8FB75}"
EndProject
Project("{2150E333-8FDC-42A3-9474-1A3956D46DE8}") = "Catalog", "Catalog", "{9E7211B3-F473-4076-914C-586EE088554B}"
EndProject
Project("{9A19103F-16F7-4668-BE54-9A1E7A4F7556}") = "Catalog.API", "src\Catalog\Catalog.API\Catalog.API.csproj", "{F4BACB96-3E87-47AF-95AE-C6EBB68444FE}"
EndProject
Project("{E53339B2-1760-4266-BCC7-CA923CBCF16C}") = "docker-compose", "docker-compose.dcproj", "{BB19DFE9-1BC1-4443-9EE5-9944BCCF3D42}"
EndProject
Project("{2150E333-8FDC-42A3-9474-1A3956D46DE8}") = "Basket", "Basket", "{9CC9AE00-A6A2-4097-B71B-863E47C7AF24}"
EndProject
Project("{9A19103F-16F7-4668-BE54-9A1E7A4F7556}") = "Basket.API", "src\Basket\Basket.API\Basket.API.csproj", "{240E352D-737D-4AA5-B0E2-69541854A039}"
EndProject
Project("{2150E333-8FDC-42A3-9474-1A3956D46DE8}") = "Common", "Common", "{45CDFD85-507C-42C3-A243-623BD057228E}"
EndProject
Project("{9A19103F-16F7-4668-BE54-9A1E7A4F7556}") = "EventBusRabbitMQ", "src\Common\EventBusRabbitMQ\EventBusRabbitMQ.csproj", "{6FBE3F10-9A24-498B-9669-3F96AE17597A}"
EndProject
Project("{2150E333-8FDC-42A3-9474-1A3956D46DE8}") = "Ordering", "Ordering", "{9CCF6281-1547-4CDE-8CC7-73B66F44F3CA}"
EndProject
Project("{FAE04EC0-301F-11D3-BF4B-00C04F79EFBC}") = "Ordering.API", "..\src\Ordering\Ordering.API\Ordering.API.csproj", "{DE386B9B-B7BC-4A9C-BE2E-6226D5876289}"
EndProject
Project("{FAE04EC0-301F-11D3-BF4B-00C04F79EFBC}") = "Ordering.Core", "..\src\Ordering\Ordering.Core\Ordering.Core.csproj", "{C4EEB5ED-526F-46B9-B0D2-473B1E01FF36}"
EndProject
Project("{FAE04EC0-301F-11D3-BF4B-00C04F79EFBC}") = "Ordering.Infrastructure", "..\src\Ordering\Ordering.Infrastructure\Ordering.Infrastructure.csproj", "{21DB4FC1-9B65-4384-ABB9-D4B774742836}"
EndProject
Project("{FAE04EC0-301F-11D3-BF4B-00C04F79EFBC}") = "Ordering.Application", "..\src\Ordering\Ordering.Application\Ordering.Application.csproj", "{70053D7D-2DF7-4378-A7AB-B068AD0F3E0C}"
EndProject
Global
	GlobalSection(SolutionConfigurationPlatforms) = preSolution
		Debug|Any CPU = Debug|Any CPU
		Release|Any CPU = Release|Any CPU
	EndGlobalSection
	GlobalSection(ProjectConfigurationPlatforms) = postSolution
		{F4BACB96-3E87-47AF-95AE-C6EBB68444FE}.Debug|Any CPU.ActiveCfg = Debug|Any CPU
		{F4BACB96-3E87-47AF-95AE-C6EBB68444FE}.Debug|Any CPU.Build.0 = Debug|Any CPU
		{F4BACB96-3E87-47AF-95AE-C6EBB68444FE}.Release|Any CPU.ActiveCfg = Release|Any CPU
		{F4BACB96-3E87-47AF-95AE-C6EBB68444FE}.Release|Any CPU.Build.0 = Release|Any CPU
		{BB19DFE9-1BC1-4443-9EE5-9944BCCF3D42}.Debug|Any CPU.ActiveCfg = Debug|Any CPU
		{BB19DFE9-1BC1-4443-9EE5-9944BCCF3D42}.Debug|Any CPU.Build.0 = Debug|Any CPU
		{BB19DFE9-1BC1-4443-9EE5-9944BCCF3D42}.Release|Any CPU.ActiveCfg = Release|Any CPU
		{BB19DFE9-1BC1-4443-9EE5-9944BCCF3D42}.Release|Any CPU.Build.0 = Release|Any CPU
		{240E352D-737D-4AA5-B0E2-69541854A039}.Debug|Any CPU.ActiveCfg = Debug|Any CPU
		{240E352D-737D-4AA5-B0E2-69541854A039}.Debug|Any CPU.Build.0 = Debug|Any CPU
		{240E352D-737D-4AA5-B0E2-69541854A039}.Release|Any CPU.ActiveCfg = Release|Any CPU
		{240E352D-737D-4AA5-B0E2-69541854A039}.Release|Any CPU.Build.0 = Release|Any CPU
		{6FBE3F10-9A24-498B-9669-3F96AE17597A}.Debug|Any CPU.ActiveCfg = Debug|Any CPU
		{6FBE3F10-9A24-498B-9669-3F96AE17597A}.Debug|Any CPU.Build.0 = Debug|Any CPU
		{6FBE3F10-9A24-498B-9669-3F96AE17597A}.Release|Any CPU.ActiveCfg = Release|Any CPU
		{6FBE3F10-9A24-498B-9669-3F96AE17597A}.Release|Any CPU.Build.0 = Release|Any CPU
		{DE386B9B-B7BC-4A9C-BE2E-6226D5876289}.Debug|Any CPU.ActiveCfg = Debug|Any CPU
		{DE386B9B-B7BC-4A9C-BE2E-6226D5876289}.Debug|Any CPU.Build.0 = Debug|Any CPU
		{DE386B9B-B7BC-4A9C-BE2E-6226D5876289}.Release|Any CPU.ActiveCfg = Release|Any CPU
		{DE386B9B-B7BC-4A9C-BE2E-6226D5876289}.Release|Any CPU.Build.0 = Release|Any CPU
		{C4EEB5ED-526F-46B9-B0D2-473B1E01FF36}.Debug|Any CPU.ActiveCfg = Debug|Any CPU
		{C4EEB5ED-526F-46B9-B0D2-473B1E01FF36}.Debug|Any CPU.Build.0 = Debug|Any CPU
		{C4EEB5ED-526F-46B9-B0D2-473B1E01FF36}.Release|Any CPU.ActiveCfg = Release|Any CPU
		{C4EEB5ED-526F-46B9-B0D2-473B1E01FF36}.Release|Any CPU.Build.0 = Release|Any CPU
		{21DB4FC1-9B65-4384-ABB9-D4B774742836}.Debug|Any CPU.ActiveCfg = Debug|Any CPU
		{21DB4FC1-9B65-4384-ABB9-D4B774742836}.Debug|Any CPU.Build.0 = Debug|Any CPU
		{21DB4FC1-9B65-4384-ABB9-D4B774742836}.Release|Any CPU.ActiveCfg = Release|Any CPU
		{21DB4FC1-9B65-4384-ABB9-D4B774742836}.Release|Any CPU.Build.0 = Release|Any CPU
		{70053D7D-2DF7-4378-A7AB-B068AD0F3E0C}.Debug|Any CPU.ActiveCfg = Debug|Any CPU
		{70053D7D-2DF7-4378-A7AB-B068AD0F3E0C}.Debug|Any CPU.Build.0 = Debug|Any CPU
		{70053D7D-2DF7-4378-A7AB-B068AD0F3E0C}.Release|Any CPU.ActiveCfg = Release|Any CPU
		{70053D7D-2DF7-4378-A7AB-B068AD0F3E0C}.Release|Any CPU.Build.0 = Release|Any CPU
	EndGlobalSection
	GlobalSection(SolutionProperties) = preSolution
		HideSolutionNode = FALSE
	EndGlobalSection
	GlobalSection(NestedProjects) = preSolution
		{9E7211B3-F473-4076-914C-586EE088554B} = {8B73C86D-3AA3-4BB5-93A3-852B65E8FB75}
		{F4BACB96-3E87-47AF-95AE-C6EBB68444FE} = {9E7211B3-F473-4076-914C-586EE088554B}
		{9CC9AE00-A6A2-4097-B71B-863E47C7AF24} = {8B73C86D-3AA3-4BB5-93A3-852B65E8FB75}
		{240E352D-737D-4AA5-B0E2-69541854A039} = {9CC9AE00-A6A2-4097-B71B-863E47C7AF24}
		{45CDFD85-507C-42C3-A243-623BD057228E} = {8B73C86D-3AA3-4BB5-93A3-852B65E8FB75}
		{6FBE3F10-9A24-498B-9669-3F96AE17597A} = {45CDFD85-507C-42C3-A243-623BD057228E}
		{9CCF6281-1547-4CDE-8CC7-73B66F44F3CA} = {8B73C86D-3AA3-4BB5-93A3-852B65E8FB75}
		{DE386B9B-B7BC-4A9C-BE2E-6226D5876289} = {9CCF6281-1547-4CDE-8CC7-73B66F44F3CA}
		{C4EEB5ED-526F-46B9-B0D2-473B1E01FF36} = {9CCF6281-1547-4CDE-8CC7-73B66F44F3CA}
		{21DB4FC1-9B65-4384-ABB9-D4B774742836} = {9CCF6281-1547-4CDE-8CC7-73B66F44F3CA}
		{70053D7D-2DF7-4378-A7AB-B068AD0F3E0C} = {9CCF6281-1547-4CDE-8CC7-73B66F44F3CA}
	EndGlobalSection
	GlobalSection(ExtensibilityGlobals) = postSolution
		SolutionGuid = {B79C405A-D1D2-4B55-B99F-A01CA1CD694C}
	EndGlobalSection
EndGlobal
